
Microsoft Visual Studio Solution File, Format Version 12.00
# Visual Studio 15
VisualStudioVersion = 15.0.27703.2018
MinimumVisualStudioVersion = 10.0.40219.1
Project("{9A19103F-16F7-4668-BE54-9A1E7A4F7556}") = "NewsPortal.Domain", "src\NewsPortal.Domain\NewsPortal.Domain.csproj", "{34141357-F3BF-4B53-BF3B-59279CD16053}"
EndProject
Project("{2150E333-8FDC-42A3-9474-1A3956D46DE8}") = "0 - Presentation", "0 - Presentation", "{0FB82D0C-DA14-475D-B9E4-7376DDA3E9A0}"
EndProject
Project("{2150E333-8FDC-42A3-9474-1A3956D46DE8}") = "1 - Services", "1 - Services", "{DD8849E4-0808-4E31-B5E7-78E6F2A0F493}"
EndProject
Project("{2150E333-8FDC-42A3-9474-1A3956D46DE8}") = "2 - Application", "2 - Application", "{67315B76-5C83-4A96-A57F-A26C45EA93B0}"
EndProject
Project("{2150E333-8FDC-42A3-9474-1A3956D46DE8}") = "3 - Domain", "3 - Domain", "{A82B5A2D-DB10-4E8F-AEC5-02211FF7DEEE}"
EndProject
Project("{2150E333-8FDC-42A3-9474-1A3956D46DE8}") = "4 - Infrastructure", "4 - Infrastructure", "{6547E9C0-6492-4662-B914-B865C538C3E4}"
EndProject
Project("{2150E333-8FDC-42A3-9474-1A3956D46DE8}") = "5 - Tests", "5 - Tests", "{DEC3DA84-EC10-45E2-AD1D-A7204CC3AD84}"
EndProject
Project("{9A19103F-16F7-4668-BE54-9A1E7A4F7556}") = "NewsPortal.Infrastructure.Data.EF", "src\NewsPortal.Infrastructure.Data\NewsPortal.Infrastructure.Data.EF.csproj", "{CE530D63-F43A-4C29-A0EC-32CCD28E5CE1}"
EndProject
Project("{9A19103F-16F7-4668-BE54-9A1E7A4F7556}") = "NewsPortal.Application", "src\NewsPortal.Application\NewsPortal.Application.csproj", "{8124FE31-555A-4C48-85A9-5A4AB9112773}"
EndProject
Project("{9A19103F-16F7-4668-BE54-9A1E7A4F7556}") = "NewsPortal.Infrastructure.CrossCutting", "src\NewsPortal.Infrastructure.CrossCutting\NewsPortal.Infrastructure.CrossCutting.csproj", "{6F36347F-92B1-4E1A-93A7-4E9CADB87EAF}"
EndProject
Global
	GlobalSection(SolutionConfigurationPlatforms) = preSolution
		Debug|Any CPU = Debug|Any CPU
		Release|Any CPU = Release|Any CPU
	EndGlobalSection
	GlobalSection(ProjectConfigurationPlatforms) = postSolution
		{34141357-F3BF-4B53-BF3B-59279CD16053}.Debug|Any CPU.ActiveCfg = Debug|Any CPU
		{34141357-F3BF-4B53-BF3B-59279CD16053}.Debug|Any CPU.Build.0 = Debug|Any CPU
		{34141357-F3BF-4B53-BF3B-59279CD16053}.Release|Any CPU.ActiveCfg = Release|Any CPU
		{34141357-F3BF-4B53-BF3B-59279CD16053}.Release|Any CPU.Build.0 = Release|Any CPU
		{CE530D63-F43A-4C29-A0EC-32CCD28E5CE1}.Debug|Any CPU.ActiveCfg = Debug|Any CPU
		{CE530D63-F43A-4C29-A0EC-32CCD28E5CE1}.Debug|Any CPU.Build.0 = Debug|Any CPU
		{CE530D63-F43A-4C29-A0EC-32CCD28E5CE1}.Release|Any CPU.ActiveCfg = Release|Any CPU
		{CE530D63-F43A-4C29-A0EC-32CCD28E5CE1}.Release|Any CPU.Build.0 = Release|Any CPU
		{8124FE31-555A-4C48-85A9-5A4AB9112773}.Debug|Any CPU.ActiveCfg = Debug|Any CPU
		{8124FE31-555A-4C48-85A9-5A4AB9112773}.Debug|Any CPU.Build.0 = Debug|Any CPU
		{8124FE31-555A-4C48-85A9-5A4AB9112773}.Release|Any CPU.ActiveCfg = Release|Any CPU
		{8124FE31-555A-4C48-85A9-5A4AB9112773}.Release|Any CPU.Build.0 = Release|Any CPU
		{6F36347F-92B1-4E1A-93A7-4E9CADB87EAF}.Debug|Any CPU.ActiveCfg = Debug|Any CPU
		{6F36347F-92B1-4E1A-93A7-4E9CADB87EAF}.Debug|Any CPU.Build.0 = Debug|Any CPU
		{6F36347F-92B1-4E1A-93A7-4E9CADB87EAF}.Release|Any CPU.ActiveCfg = Release|Any CPU
		{6F36347F-92B1-4E1A-93A7-4E9CADB87EAF}.Release|Any CPU.Build.0 = Release|Any CPU
	EndGlobalSection
	GlobalSection(SolutionProperties) = preSolution
		HideSolutionNode = FALSE
	EndGlobalSection
	GlobalSection(NestedProjects) = preSolution
		{34141357-F3BF-4B53-BF3B-59279CD16053} = {A82B5A2D-DB10-4E8F-AEC5-02211FF7DEEE}
		{CE530D63-F43A-4C29-A0EC-32CCD28E5CE1} = {6547E9C0-6492-4662-B914-B865C538C3E4}
		{8124FE31-555A-4C48-85A9-5A4AB9112773} = {67315B76-5C83-4A96-A57F-A26C45EA93B0}
		{6F36347F-92B1-4E1A-93A7-4E9CADB87EAF} = {6547E9C0-6492-4662-B914-B865C538C3E4}
	EndGlobalSection
	GlobalSection(ExtensibilityGlobals) = postSolution
		SolutionGuid = {C5FB3B80-42EC-4C35-BF3B-2DBF6DEEEFA2}
	EndGlobalSection
EndGlobal
